// !$*UTF8*$!
{
	archiveVersion = 1;
	classes = {
	};
	objectVersion = 46;
	objects = {

/* Begin PBXBuildFile section */
		D631A703196A89E400470370 /* Foundation.framework in Frameworks */ = {isa = PBXBuildFile; fileRef = D631A702196A89E400470370 /* Foundation.framework */; };
		D631A705196A89E400470370 /* CoreGraphics.framework in Frameworks */ = {isa = PBXBuildFile; fileRef = D631A704196A89E400470370 /* CoreGraphics.framework */; };
		D631A707196A89E400470370 /* UIKit.framework in Frameworks */ = {isa = PBXBuildFile; fileRef = D631A706196A89E400470370 /* UIKit.framework */; };
		D631A70D196A89E400470370 /* InfoPlist.strings in Resources */ = {isa = PBXBuildFile; fileRef = D631A70B196A89E400470370 /* InfoPlist.strings */; };
		D631A70F196A89E400470370 /* main.m in Sources */ = {isa = PBXBuildFile; fileRef = D631A70E196A89E400470370 /* main.m */; };
		D631A713196A89E400470370 /* AppDelegate.m in Sources */ = {isa = PBXBuildFile; fileRef = D631A712196A89E400470370 /* AppDelegate.m */; };
		D631A716196A89E400470370 /* Main.storyboard in Resources */ = {isa = PBXBuildFile; fileRef = D631A714196A89E400470370 /* Main.storyboard */; };
		D631A719196A89E400470370 /* ViewController.m in Sources */ = {isa = PBXBuildFile; fileRef = D631A718196A89E400470370 /* ViewController.m */; };
		D631A71B196A89E400470370 /* Images.xcassets in Resources */ = {isa = PBXBuildFile; fileRef = D631A71A196A89E400470370 /* Images.xcassets */; };
		D631A722196A89E400470370 /* XCTest.framework in Frameworks */ = {isa = PBXBuildFile; fileRef = D631A721196A89E400470370 /* XCTest.framework */; };
		D631A723196A89E400470370 /* Foundation.framework in Frameworks */ = {isa = PBXBuildFile; fileRef = D631A702196A89E400470370 /* Foundation.framework */; };
		D631A724196A89E400470370 /* UIKit.framework in Frameworks */ = {isa = PBXBuildFile; fileRef = D631A706196A89E400470370 /* UIKit.framework */; };
		D631A72C196A89E400470370 /* InfoPlist.strings in Resources */ = {isa = PBXBuildFile; fileRef = D631A72A196A89E400470370 /* InfoPlist.strings */; };
		D631A72E196A89E400470370 /* JsonRequestLearnTests.m in Sources */ = {isa = PBXBuildFile; fileRef = D631A72D196A89E400470370 /* JsonRequestLearnTests.m */; };
/* End PBXBuildFile section */

/* Begin PBXContainerItemProxy section */
		D631A725196A89E400470370 /* PBXContainerItemProxy */ = {
			isa = PBXContainerItemProxy;
			containerPortal = D631A6F7196A89E400470370 /* Project object */;
			proxyType = 1;
			remoteGlobalIDString = D631A6FE196A89E400470370;
			remoteInfo = JsonRequestLearn;
		};
/* End PBXContainerItemProxy section */

/* Begin PBXFileReference section */
		D631A6FF196A89E400470370 /* JsonRequestLearn.app */ = {isa = PBXFileReference; explicitFileType = wrapper.application; includeInIndex = 0; path = JsonRequestLearn.app; sourceTree = BUILT_PRODUCTS_DIR; };
		D631A702196A89E400470370 /* Foundation.framework */ = {isa = PBXFileReference; lastKnownFileType = wrapper.framework; name = Foundation.framework; path = System/Library/Frameworks/Foundation.framework; sourceTree = SDKROOT; };
		D631A704196A89E400470370 /* CoreGraphics.framework */ = {isa = PBXFileReference; lastKnownFileType = wrapper.framework; name = CoreGraphics.framework; path = System/Library/Frameworks/CoreGraphics.framework; sourceTree = SDKROOT; };
		D631A706196A89E400470370 /* UIKit.framework */ = {isa = PBXFileReference; lastKnownFileType = wrapper.framework; name = UIKit.framework; path = System/Library/Frameworks/UIKit.framework; sourceTree = SDKROOT; };
		D631A70A196A89E400470370 /* JsonRequestLearn-Info.plist */ = {isa = PBXFileReference; lastKnownFileType = text.plist.xml; path = "JsonRequestLearn-Info.plist"; sourceTree = "<group>"; };
		D631A70C196A89E400470370 /* en */ = {isa = PBXFileReference; lastKnownFileType = text.plist.strings; name = en; path = en.lproj/InfoPlist.strings; sourceTree = "<group>"; };
		D631A70E196A89E400470370 /* main.m */ = {isa = PBXFileReference; lastKnownFileType = sourcecode.c.objc; path = main.m; sourceTree = "<group>"; };
		D631A710196A89E400470370 /* JsonRequestLearn-Prefix.pch */ = {isa = PBXFileReference; lastKnownFileType = sourcecode.c.h; path = "JsonRequestLearn-Prefix.pch"; sourceTree = "<group>"; };
		D631A711196A89E400470370 /* AppDelegate.h */ = {isa = PBXFileReference; lastKnownFileType = sourcecode.c.h; path = AppDelegate.h; sourceTree = "<group>"; };
		D631A712196A89E400470370 /* AppDelegate.m */ = {isa = PBXFileReference; lastKnownFileType = sourcecode.c.objc; path = AppDelegate.m; sourceTree = "<group>"; };
		D631A715196A89E400470370 /* Base */ = {isa = PBXFileReference; lastKnownFileType = file.storyboard; name = Base; path = Base.lproj/Main.storyboard; sourceTree = "<group>"; };
		D631A717196A89E400470370 /* ViewController.h */ = {isa = PBXFileReference; lastKnownFileType = sourcecode.c.h; path = ViewController.h; sourceTree = "<group>"; };
		D631A718196A89E400470370 /* ViewController.m */ = {isa = PBXFileReference; lastKnownFileType = sourcecode.c.objc; path = ViewController.m; sourceTree = "<group>"; };
		D631A71A196A89E400470370 /* Images.xcassets */ = {isa = PBXFileReference; lastKnownFileType = folder.assetcatalog; path = Images.xcassets; sourceTree = "<group>"; };
		D631A720196A89E400470370 /* JsonRequestLearnTests.xctest */ = {isa = PBXFileReference; explicitFileType = wrapper.cfbundle; includeInIndex = 0; path = JsonRequestLearnTests.xctest; sourceTree = BUILT_PRODUCTS_DIR; };
		D631A721196A89E400470370 /* XCTest.framework */ = {isa = PBXFileReference; lastKnownFileType = wrapper.framework; name = XCTest.framework; path = Library/Frameworks/XCTest.framework; sourceTree = DEVELOPER_DIR; };
		D631A729196A89E400470370 /* JsonRequestLearnTests-Info.plist */ = {isa = PBXFileReference; lastKnownFileType = text.plist.xml; path = "JsonRequestLearnTests-Info.plist"; sourceTree = "<group>"; };
		D631A72B196A89E400470370 /* en */ = {isa = PBXFileReference; lastKnownFileType = text.plist.strings; name = en; path = en.lproj/InfoPlist.strings; sourceTree = "<group>"; };
		D631A72D196A89E400470370 /* JsonRequestLearnTests.m */ = {isa = PBXFileReference; lastKnownFileType = sourcecode.c.objc; path = JsonRequestLearnTests.m; sourceTree = "<group>"; };
/* End PBXFileReference section */

/* Begin PBXFrameworksBuildPhase section */
		D631A6FC196A89E400470370 /* Frameworks */ = {
			isa = PBXFrameworksBuildPhase;
			buildActionMask = 2147483647;
			files = (
				D631A705196A89E400470370 /* CoreGraphics.framework in Frameworks */,
				D631A707196A89E400470370 /* UIKit.framework in Frameworks */,
				D631A703196A89E400470370 /* Foundation.framework in Frameworks */,
			);
			runOnlyForDeploymentPostprocessing = 0;
		};
		D631A71D196A89E400470370 /* Frameworks */ = {
			isa = PBXFrameworksBuildPhase;
			buildActionMask = 2147483647;
			files = (
				D631A722196A89E400470370 /* XCTest.framework in Frameworks */,
				D631A724196A89E400470370 /* UIKit.framework in Frameworks */,
				D631A723196A89E400470370 /* Foundation.framework in Frameworks */,
			);
			runOnlyForDeploymentPostprocessing = 0;
		};
/* End PBXFrameworksBuildPhase section */

/* Begin PBXGroup section */
		D631A6F6196A89E400470370 = {
			isa = PBXGroup;
			children = (
				D631A708196A89E400470370 /* JsonRequestLearn */,
				D631A727196A89E400470370 /* JsonRequestLearnTests */,
				D631A701196A89E400470370 /* Frameworks */,
				D631A700196A89E400470370 /* Products */,
			);
			sourceTree = "<group>";
		};
		D631A700196A89E400470370 /* Products */ = {
			isa = PBXGroup;
			children = (
				D631A6FF196A89E400470370 /* JsonRequestLearn.app */,
				D631A720196A89E400470370 /* JsonRequestLearnTests.xctest */,
			);
			name = Products;
			sourceTree = "<group>";
		};
		D631A701196A89E400470370 /* Frameworks */ = {
			isa = PBXGroup;
			children = (
				D631A702196A89E400470370 /* Foundation.framework */,
				D631A704196A89E400470370 /* CoreGraphics.framework */,
				D631A706196A89E400470370 /* UIKit.framework */,
				D631A721196A89E400470370 /* XCTest.framework */,
			);
			name = Frameworks;
			sourceTree = "<group>";
		};
		D631A708196A89E400470370 /* JsonRequestLearn */ = {
			isa = PBXGroup;
			children = (
				D631A711196A89E400470370 /* AppDelegate.h */,
				D631A712196A89E400470370 /* AppDelegate.m */,
				D631A714196A89E400470370 /* Main.storyboard */,
				D631A717196A89E400470370 /* ViewController.h */,
				D631A718196A89E400470370 /* ViewController.m */,
				D631A71A196A89E400470370 /* Images.xcassets */,
				D631A709196A89E400470370 /* Supporting Files */,
			);
			path = JsonRequestLearn;
			sourceTree = "<group>";
		};
		D631A709196A89E400470370 /* Supporting Files */ = {
			isa = PBXGroup;
			children = (
				D631A70A196A89E400470370 /* JsonRequestLearn-Info.plist */,
				D631A70B196A89E400470370 /* InfoPlist.strings */,
				D631A70E196A89E400470370 /* main.m */,
				D631A710196A89E400470370 /* JsonRequestLearn-Prefix.pch */,
			);
			name = "Supporting Files";
			sourceTree = "<group>";
		};
		D631A727196A89E400470370 /* JsonRequestLearnTests */ = {
			isa = PBXGroup;
			children = (
				D631A72D196A89E400470370 /* JsonRequestLearnTests.m */,
				D631A728196A89E400470370 /* Supporting Files */,
			);
			path = JsonRequestLearnTests;
			sourceTree = "<group>";
		};
		D631A728196A89E400470370 /* Supporting Files */ = {
			isa = PBXGroup;
			children = (
				D631A729196A89E400470370 /* JsonRequestLearnTests-Info.plist */,
				D631A72A196A89E400470370 /* InfoPlist.strings */,
			);
			name = "Supporting Files";
			sourceTree = "<group>";
		};
/* End PBXGroup section */

/* Begin PBXNativeTarget section */
		D631A6FE196A89E400470370 /* JsonRequestLearn */ = {
			isa = PBXNativeTarget;
			buildConfigurationList = D631A731196A89E400470370 /* Build configuration list for PBXNativeTarget "JsonRequestLearn" */;
			buildPhases = (
				D631A6FB196A89E400470370 /* Sources */,
				D631A6FC196A89E400470370 /* Frameworks */,
				D631A6FD196A89E400470370 /* Resources */,
			);
			buildRules = (
			);
			dependencies = (
			);
			name = JsonRequestLearn;
			productName = JsonRequestLearn;
			productReference = D631A6FF196A89E400470370 /* JsonRequestLearn.app */;
			productType = "com.apple.product-type.application";
		};
		D631A71F196A89E400470370 /* JsonRequestLearnTests */ = {
			isa = PBXNativeTarget;
			buildConfigurationList = D631A734196A89E400470370 /* Build configuration list for PBXNativeTarget "JsonRequestLearnTests" */;
			buildPhases = (
				D631A71C196A89E400470370 /* Sources */,
				D631A71D196A89E400470370 /* Frameworks */,
				D631A71E196A89E400470370 /* Resources */,
			);
			buildRules = (
			);
			dependencies = (
				D631A726196A89E400470370 /* PBXTargetDependency */,
			);
			name = JsonRequestLearnTests;
			productName = JsonRequestLearnTests;
			productReference = D631A720196A89E400470370 /* JsonRequestLearnTests.xctest */;
			productType = "com.apple.product-type.bundle.unit-test";
		};
/* End PBXNativeTarget section */

/* Begin PBXProject section */
		D631A6F7196A89E400470370 /* Project object */ = {
			isa = PBXProject;
			attributes = {
				LastUpgradeCheck = 0510;
				ORGANIZATIONNAME = cxx4c7tn;
				TargetAttributes = {
					D631A71F196A89E400470370 = {
						TestTargetID = D631A6FE196A89E400470370;
					};
				};
			};
			buildConfigurationList = D631A6FA196A89E400470370 /* Build configuration list for PBXProject "JsonRequestLearn" */;
			compatibilityVersion = "Xcode 3.2";
			developmentRegion = English;
			hasScannedForEncodings = 0;
			knownRegions = (
				en,
				Base,
			);
			mainGroup = D631A6F6196A89E400470370;
			productRefGroup = D631A700196A89E400470370 /* Products */;
			projectDirPath = "";
			projectRoot = "";
			targets = (
				D631A6FE196A89E400470370 /* JsonRequestLearn */,
				D631A71F196A89E400470370 /* JsonRequestLearnTests */,
			);
		};
/* End PBXProject section */

/* Begin PBXResourcesBuildPhase section */
		D631A6FD196A89E400470370 /* Resources */ = {
			isa = PBXResourcesBuildPhase;
			buildActionMask = 2147483647;
			files = (
				D631A71B196A89E400470370 /* Images.xcassets in Resources */,
				D631A70D196A89E400470370 /* InfoPlist.strings in Resources */,
				D631A716196A89E400470370 /* Main.storyboard in Resources */,
			);
			runOnlyForDeploymentPostprocessing = 0;
		};
		D631A71E196A89E400470370 /* Resources */ = {
			isa = PBXResourcesBuildPhase;
			buildActionMask = 2147483647;
			files = (
				D631A72C196A89E400470370 /* InfoPlist.strings in Resources */,
			);
			runOnlyForDeploymentPostprocessing = 0;
		};
/* End PBXResourcesBuildPhase section */

/* Begin PBXSourcesBuildPhase section */
		D631A6FB196A89E400470370 /* Sources */ = {
			isa = PBXSourcesBuildPhase;
			buildActionMask = 2147483647;
			files = (
				D631A719196A89E400470370 /* ViewController.m in Sources */,
				D631A713196A89E400470370 /* AppDelegate.m in Sources */,
				D631A70F196A89E400470370 /* main.m in Sources */,
			);
			runOnlyForDeploymentPostprocessing = 0;
		};
		D631A71C196A89E400470370 /* Sources */ = {
			isa = PBXSourcesBuildPhase;
			buildActionMask = 2147483647;
			files = (
				D631A72E196A89E400470370 /* JsonRequestLearnTests.m in Sources */,
			);
			runOnlyForDeploymentPostprocessing = 0;
		};
/* End PBXSourcesBuildPhase section */

/* Begin PBXTargetDependency section */
		D631A726196A89E400470370 /* PBXTargetDependency */ = {
			isa = PBXTargetDependency;
			target = D631A6FE196A89E400470370 /* JsonRequestLearn */;
			targetProxy = D631A725196A89E400470370 /* PBXContainerItemProxy */;
		};
/* End PBXTargetDependency section */

/* Begin PBXVariantGroup section */
		D631A70B196A89E400470370 /* InfoPlist.strings */ = {
			isa = PBXVariantGroup;
			children = (
				D631A70C196A89E400470370 /* en */,
			);
			name = InfoPlist.strings;
			sourceTree = "<group>";
		};
		D631A714196A89E400470370 /* Main.storyboard */ = {
			isa = PBXVariantGroup;
			children = (
				D631A715196A89E400470370 /* Base */,
			);
			name = Main.storyboard;
			sourceTree = "<group>";
		};
		D631A72A196A89E400470370 /* InfoPlist.strings */ = {
			isa = PBXVariantGroup;
			children = (
				D631A72B196A89E400470370 /* en */,
			);
			name = InfoPlist.strings;
			sourceTree = "<group>";
		};
/* End PBXVariantGroup section */

/* Begin XCBuildConfiguration section */
		D631A72F196A89E400470370 /* Debug */ = {
			isa = XCBuildConfiguration;
			buildSettings = {
				ALWAYS_SEARCH_USER_PATHS = NO;
				CLANG_CXX_LANGUAGE_STANDARD = "gnu++0x";
				CLANG_CXX_LIBRARY = "libc++";
				CLANG_ENABLE_MODULES = YES;
				CLANG_ENABLE_OBJC_ARC = YES;
				CLANG_WARN_BOOL_CONVERSION = YES;
				CLANG_WARN_CONSTANT_CONVERSION = YES;
				CLANG_WARN_DIRECT_OBJC_ISA_USAGE = YES_ERROR;
				CLANG_WARN_EMPTY_BODY = YES;
				CLANG_WARN_ENUM_CONVERSION = YES;
				CLANG_WARN_INT_CONVERSION = YES;
				CLANG_WARN_OBJC_ROOT_CLASS = YES_ERROR;
				CLANG_WARN__DUPLICATE_METHOD_MATCH = YES;
				"CODE_SIGN_IDENTITY[sdk=iphoneos*]" = "iPhone Developer";
				COPY_PHASE_STRIP = NO;
				GCC_C_LANGUAGE_STANDARD = gnu99;
				GCC_DYNAMIC_NO_PIC = NO;
				GCC_OPTIMIZATION_LEVEL = 0;
				GCC_PREPROCESSOR_DEFINITIONS = (
					"DEBUG=1",
					"$(inherited)",
				);
				GCC_SYMBOLS_PRIVATE_EXTERN = NO;
				GCC_WARN_64_TO_32_BIT_CONVERSION = YES;
				GCC_WARN_ABOUT_RETURN_TYPE = YES_ERROR;
				GCC_WARN_UNDECLARED_SELECTOR = YES;
				GCC_WARN_UNINITIALIZED_AUTOS = YES_AGGRESSIVE;
				GCC_WARN_UNUSED_FUNCTION = YES;
				GCC_WARN_UNUSED_VARIABLE = YES;
				IPHONEOS_DEPLOYMENT_TARGET = 7.1;
				ONLY_ACTIVE_ARCH = YES;
				SDKROOT = iphoneos;
			};
			name = Debug;
		};
		D631A730196A89E400470370 /* Release */ = {
			isa = XCBuildConfiguration;
			buildSettings = {
				ALWAYS_SEARCH_USER_PATHS = NO;
				CLANG_CXX_LANGUAGE_STANDARD = "gnu++0x";
				CLANG_CXX_LIBRARY = "libc++";
				CLANG_ENABLE_MODULES = YES;
				CLANG_ENABLE_OBJC_ARC = YES;
				CLANG_WARN_BOOL_CONVERSION = YES;
				CLANG_WARN_CONSTANT_CONVERSION = YES;
				CLANG_WARN_DIRECT_OBJC_ISA_USAGE = YES_ERROR;
				CLANG_WARN_EMPTY_BODY = YES;
				CLANG_WARN_ENUM_CONVERSION = YES;
				CLANG_WARN_INT_CONVERSION = YES;
				CLANG_WARN_OBJC_ROOT_CLASS = YES_ERROR;
				CLANG_WARN__DUPLICATE_METHOD_MATCH = YES;
				"CODE_SIGN_IDENTITY[sdk=iphoneos*]" = "iPhone Developer";
				COPY_PHASE_STRIP = YES;
				ENABLE_NS_ASSERTIONS = NO;
				GCC_C_LANGUAGE_STANDARD = gnu99;
				GCC_WARN_64_TO_32_BIT_CONVERSION = YES;
				GCC_WARN_ABOUT_RETURN_TYPE = YES_ERROR;
				GCC_WARN_UNDECLARED_SELECTOR = YES;
				GCC_WARN_UNINITIALIZED_AUTOS = YES_AGGRESSIVE;
				GCC_WARN_UNUSED_FUNCTION = YES;
				GCC_WARN_UNUSED_VARIABLE = YES;
				IPHONEOS_DEPLOYMENT_TARGET = 7.1;
				SDKROOT = iphoneos;
				VALIDATE_PRODUCT = YES;
			};
			name = Release;
		};
		D631A732196A89E400470370 /* Debug */ = {
			isa = XCBuildConfiguration;
			buildSettings = {
				ASSETCATALOG_COMPILER_APPICON_NAME = AppIcon;
				ASSETCATALOG_COMPILER_LAUNCHIMAGE_NAME = LaunchImage;
				GCC_PRECOMPILE_PREFIX_HEADER = YES;
				GCC_PREFIX_HEADER = "JsonRequestLearn/JsonRequestLearn-Prefix.pch";
				INFOPLIST_FILE = "JsonRequestLearn/JsonRequestLearn-Info.plist";
				PRODUCT_NAME = "$(TARGET_NAME)";
				WRAPPER_EXTENSION = app;
			};
			name = Debug;
		};
		D631A733196A89E400470370 /* Release */ = {
			isa = XCBuildConfiguration;
			buildSettings = {
				ASSETCATALOG_COMPILER_APPICON_NAME = AppIcon;
				ASSETCATALOG_COMPILER_LAUNCHIMAGE_NAME = LaunchImage;
				GCC_PRECOMPILE_PREFIX_HEADER = YES;
				GCC_PREFIX_HEADER = "JsonRequestLearn/JsonRequestLearn-Prefix.pch";
				INFOPLIST_FILE = "JsonRequestLearn/JsonRequestLearn-Info.plist";
				PRODUCT_NAME = "$(TARGET_NAME)";
				WRAPPER_EXTENSION = app;
			};
			name = Release;
		};
		D631A735196A89E400470370 /* Debug */ = {
			isa = XCBuildConfiguration;
			buildSettings = {
				BUNDLE_LOADER = "$(BUILT_PRODUCTS_DIR)/JsonRequestLearn.app/JsonRequestLearn";
				FRAMEWORK_SEARCH_PATHS = (
					"$(SDKROOT)/Developer/Library/Frameworks",
					"$(inherited)",
					"$(DEVELOPER_FRAMEWORKS_DIR)",
				);
				GCC_PRECOMPILE_PREFIX_HEADER = YES;
				GCC_PREFIX_HEADER = "JsonRequestLearn/JsonRequestLearn-Prefix.pch";
				GCC_PREPROCESSOR_DEFINITIONS = (
					"DEBUG=1",
					"$(inherited)",
				);
				INFOPLIST_FILE = "JsonRequestLearnTests/JsonRequestLearnTests-Info.plist";
				PRODUCT_NAME = "$(TARGET_NAME)";
				TEST_HOST = "$(BUNDLE_LOADER)";
				WRAPPER_EXTENSION = xctest;
			};
			name = Debug;
		};
		D631A736196A89E400470370 /* Release */ = {
			isa = XCBuildConfiguration;
			buildSettings = {
				BUNDLE_LOADER = "$(BUILT_PRODUCTS_DIR)/JsonRequestLearn.app/JsonRequestLearn";
				FRAMEWORK_SEARCH_PATHS = (
					"$(SDKROOT)/Developer/Library/Frameworks",
					"$(inherited)",
					"$(DEVELOPER_FRAMEWORKS_DIR)",
				);
				GCC_PRECOMPILE_PREFIX_HEADER = YES;
				GCC_PREFIX_HEADER = "JsonRequestLearn/JsonRequestLearn-Prefix.pch";
				INFOPLIST_FILE = "JsonRequestLearnTests/JsonRequestLearnTests-Info.plist";
				PRODUCT_NAME = "$(TARGET_NAME)";
				TEST_HOST = "$(BUNDLE_LOADER)";
				WRAPPER_EXTENSION = xctest;
			};
			name = Release;
		};
/* End XCBuildConfiguration section */

/* Begin XCConfigurationList section */
		D631A6FA196A89E400470370 /* Build configuration list for PBXProject "JsonRequestLearn" */ = {
			isa = XCConfigurationList;
			buildConfigurations = (
				D631A72F196A89E400470370 /* Debug */,
				D631A730196A89E400470370 /* Release */,
			);
			defaultConfigurationIsVisible = 0;
			defaultConfigurationName = Release;
		};
		D631A731196A89E400470370 /* Build configuration list for PBXNativeTarget "JsonRequestLearn" */ = {
			isa = XCConfigurationList;
			buildConfigurations = (
				D631A732196A89E400470370 /* Debug */,
				D631A733196A89E400470370 /* Release */,
			);
			defaultConfigurationIsVisible = 0;
		};
		D631A734196A89E400470370 /* Build configuration list for PBXNativeTarget "JsonRequestLearnTests" */ = {
			isa = XCConfigurationList;
			buildConfigurations = (
				D631A735196A89E400470370 /* Debug */,
				D631A736196A89E400470370 /* Release */,
			);
			defaultConfigurationIsVisible = 0;
		};
/* End XCConfigurationList section */
	};
	rootObject = D631A6F7196A89E400470370 /* Project object */;
}
